// !$*UTF8*$!
{
	archiveVersion = 1;
	classes = {
	};
	objectVersion = 50;
	objects = {

/* Begin PBXBuildFile section */
		52205C40244C010800C5261B /* AppDelegate.swift in Sources */ = {isa = PBXBuildFile; fileRef = 52205C3F244C010800C5261B /* AppDelegate.swift */; };
		52205C42244C010800C5261B /* SceneDelegate.swift in Sources */ = {isa = PBXBuildFile; fileRef = 52205C41244C010800C5261B /* SceneDelegate.swift */; };
		52205C47244C010800C5261B /* Main.storyboard in Resources */ = {isa = PBXBuildFile; fileRef = 52205C45244C010800C5261B /* Main.storyboard */; };
		52205C49244C010E00C5261B /* Assets.xcassets in Resources */ = {isa = PBXBuildFile; fileRef = 52205C48244C010E00C5261B /* Assets.xcassets */; };
		52205C4C244C010E00C5261B /* LaunchScreen.storyboard in Resources */ = {isa = PBXBuildFile; fileRef = 52205C4A244C010E00C5261B /* LaunchScreen.storyboard */; };
		52205C58244C01D100C5261B /* FirstViewController.swift in Sources */ = {isa = PBXBuildFile; fileRef = 52205C57244C01D100C5261B /* FirstViewController.swift */; };
		52205C5A244C021900C5261B /* JoinViewController.swift in Sources */ = {isa = PBXBuildFile; fileRef = 52205C59244C021900C5261B /* JoinViewController.swift */; };
		52205C5C244C022400C5261B /* LoginViewController.swift in Sources */ = {isa = PBXBuildFile; fileRef = 52205C5B244C022400C5261B /* LoginViewController.swift */; };
/* End PBXBuildFile section */

/* Begin PBXFileReference section */
		52205C3C244C010800C5261B /* 26th_iOS_Project.app */ = {isa = PBXFileReference; explicitFileType = wrapper.application; includeInIndex = 0; path = 26th_iOS_Project.app; sourceTree = BUILT_PRODUCTS_DIR; };
		52205C3F244C010800C5261B /* AppDelegate.swift */ = {isa = PBXFileReference; lastKnownFileType = sourcecode.swift; path = AppDelegate.swift; sourceTree = "<group>"; };
		52205C41244C010800C5261B /* SceneDelegate.swift */ = {isa = PBXFileReference; lastKnownFileType = sourcecode.swift; path = SceneDelegate.swift; sourceTree = "<group>"; };
		52205C46244C010800C5261B /* Base */ = {isa = PBXFileReference; lastKnownFileType = file.storyboard; name = Base; path = Base.lproj/Main.storyboard; sourceTree = "<group>"; };
		52205C48244C010E00C5261B /* Assets.xcassets */ = {isa = PBXFileReference; lastKnownFileType = folder.assetcatalog; path = Assets.xcassets; sourceTree = "<group>"; };
		52205C4B244C010E00C5261B /* Base */ = {isa = PBXFileReference; lastKnownFileType = file.storyboard; name = Base; path = Base.lproj/LaunchScreen.storyboard; sourceTree = "<group>"; };
		52205C4D244C010E00C5261B /* Info.plist */ = {isa = PBXFileReference; lastKnownFileType = text.plist.xml; path = Info.plist; sourceTree = "<group>"; };
		52205C57244C01D100C5261B /* FirstViewController.swift */ = {isa = PBXFileReference; lastKnownFileType = sourcecode.swift; path = FirstViewController.swift; sourceTree = "<group>"; };
		52205C59244C021900C5261B /* JoinViewController.swift */ = {isa = PBXFileReference; lastKnownFileType = sourcecode.swift; path = JoinViewController.swift; sourceTree = "<group>"; };
		52205C5B244C022400C5261B /* LoginViewController.swift */ = {isa = PBXFileReference; lastKnownFileType = sourcecode.swift; path = LoginViewController.swift; sourceTree = "<group>"; };
/* End PBXFileReference section */

/* Begin PBXFrameworksBuildPhase section */
		52205C39244C010800C5261B /* Frameworks */ = {
			isa = PBXFrameworksBuildPhase;
			buildActionMask = 2147483647;
			files = (
			);
			runOnlyForDeploymentPostprocessing = 0;
		};
/* End PBXFrameworksBuildPhase section */

/* Begin PBXGroup section */
		52205C33244C010800C5261B = {
			isa = PBXGroup;
			children = (
				52205C3E244C010800C5261B /* 26th_iOS_Project */,
				52205C3D244C010800C5261B /* Products */,
			);
			sourceTree = "<group>";
		};
		52205C3D244C010800C5261B /* Products */ = {
			isa = PBXGroup;
			children = (
				52205C3C244C010800C5261B /* 26th_iOS_Project.app */,
			);
			name = Products;
			sourceTree = "<group>";
		};
		52205C3E244C010800C5261B /* 26th_iOS_Project */ = {
			isa = PBXGroup;
			children = (
				52205C54244C019E00C5261B /* Resources */,
				52205C53244C019900C5261B /* Sources */,
				52205C4D244C010E00C5261B /* Info.plist */,
			);
			path = 26th_iOS_Project;
			sourceTree = "<group>";
		};
		52205C53244C019900C5261B /* Sources */ = {
			isa = PBXGroup;
			children = (
				52205C3F244C010800C5261B /* AppDelegate.swift */,
				52205C41244C010800C5261B /* SceneDelegate.swift */,
				52205C55244C01AD00C5261B /* ViewControllers */,
			);
			path = Sources;
			sourceTree = "<group>";
		};
		52205C54244C019E00C5261B /* Resources */ = {
			isa = PBXGroup;
			children = (
				52205C48244C010E00C5261B /* Assets.xcassets */,
				52205C56244C01B600C5261B /* Storyboards */,
			);
			path = Resources;
			sourceTree = "<group>";
		};
		52205C55244C01AD00C5261B /* ViewControllers */ = {
			isa = PBXGroup;
			children = (
				52205C57244C01D100C5261B /* FirstViewController.swift */,
				52205C59244C021900C5261B /* JoinViewController.swift */,
				52205C5B244C022400C5261B /* LoginViewController.swift */,
			);
			path = ViewControllers;
			sourceTree = "<group>";
		};
		52205C56244C01B600C5261B /* Storyboards */ = {
			isa = PBXGroup;
			children = (
				52205C45244C010800C5261B /* Main.storyboard */,
				52205C4A244C010E00C5261B /* LaunchScreen.storyboard */,
			);
			path = Storyboards;
			sourceTree = "<group>";
		};
/* End PBXGroup section */

/* Begin PBXNativeTarget section */
		52205C3B244C010800C5261B /* 26th_iOS_Project */ = {
			isa = PBXNativeTarget;
			buildConfigurationList = 52205C50244C010E00C5261B /* Build configuration list for PBXNativeTarget "26th_iOS_Project" */;
			buildPhases = (
				52205C38244C010800C5261B /* Sources */,
				52205C39244C010800C5261B /* Frameworks */,
				52205C3A244C010800C5261B /* Resources */,
			);
			buildRules = (
			);
			dependencies = (
			);
			name = 26th_iOS_Project;
			productName = 26th_iOS_Project;
			productReference = 52205C3C244C010800C5261B /* 26th_iOS_Project.app */;
			productType = "com.apple.product-type.application";
		};
/* End PBXNativeTarget section */

/* Begin PBXProject section */
		52205C34244C010800C5261B /* Project object */ = {
			isa = PBXProject;
			attributes = {
				LastSwiftUpdateCheck = 1140;
				LastUpgradeCheck = 1140;
				ORGANIZATIONNAME = "김현지";
				TargetAttributes = {
					52205C3B244C010800C5261B = {
						CreatedOnToolsVersion = 11.4.1;
					};
				};
			};
			buildConfigurationList = 52205C37244C010800C5261B /* Build configuration list for PBXProject "26th_iOS_Project" */;
			compatibilityVersion = "Xcode 9.3";
			developmentRegion = en;
			hasScannedForEncodings = 0;
			knownRegions = (
				en,
				Base,
			);
			mainGroup = 52205C33244C010800C5261B;
			productRefGroup = 52205C3D244C010800C5261B /* Products */;
			projectDirPath = "";
			projectRoot = "";
			targets = (
				52205C3B244C010800C5261B /* 26th_iOS_Project */,
			);
		};
/* End PBXProject section */

/* Begin PBXResourcesBuildPhase section */
		52205C3A244C010800C5261B /* Resources */ = {
			isa = PBXResourcesBuildPhase;
			buildActionMask = 2147483647;
			files = (
				52205C4C244C010E00C5261B /* LaunchScreen.storyboard in Resources */,
				52205C49244C010E00C5261B /* Assets.xcassets in Resources */,
				52205C47244C010800C5261B /* Main.storyboard in Resources */,
			);
			runOnlyForDeploymentPostprocessing = 0;
		};
/* End PBXResourcesBuildPhase section */

/* Begin PBXSourcesBuildPhase section */
		52205C38244C010800C5261B /* Sources */ = {
			isa = PBXSourcesBuildPhase;
			buildActionMask = 2147483647;
			files = (
				52205C40244C010800C5261B /* AppDelegate.swift in Sources */,
				52205C42244C010800C5261B /* SceneDelegate.swift in Sources */,
				52205C5A244C021900C5261B /* JoinViewController.swift in Sources */,
				52205C5C244C022400C5261B /* LoginViewController.swift in Sources */,
				52205C58244C01D100C5261B /* FirstViewController.swift in Sources */,
			);
			runOnlyForDeploymentPostprocessing = 0;
		};
/* End PBXSourcesBuildPhase section */

/* Begin PBXVariantGroup section */
		52205C45244C010800C5261B /* Main.storyboard */ = {
			isa = PBXVariantGroup;
			children = (
				52205C46244C010800C5261B /* Base */,
			);
			name = Main.storyboard;
			sourceTree = "<group>";
		};
		52205C4A244C010E00C5261B /* LaunchScreen.storyboard */ = {
			isa = PBXVariantGroup;
			children = (
				52205C4B244C010E00C5261B /* Base */,
			);
			name = LaunchScreen.storyboard;
			sourceTree = "<group>";
		};
/* End PBXVariantGroup section */

/* Begin XCBuildConfiguration section */
		52205C4E244C010E00C5261B /* Debug */ = {
			isa = XCBuildConfiguration;
			buildSettings = {
				ALWAYS_SEARCH_USER_PATHS = NO;
				CLANG_ANALYZER_NONNULL = YES;
				CLANG_ANALYZER_NUMBER_OBJECT_CONVERSION = YES_AGGRESSIVE;
				CLANG_CXX_LANGUAGE_STANDARD = "gnu++14";
				CLANG_CXX_LIBRARY = "libc++";
				CLANG_ENABLE_MODULES = YES;
				CLANG_ENABLE_OBJC_ARC = YES;
				CLANG_ENABLE_OBJC_WEAK = YES;
				CLANG_WARN_BLOCK_CAPTURE_AUTORELEASING = YES;
				CLANG_WARN_BOOL_CONVERSION = YES;
				CLANG_WARN_COMMA = YES;
				CLANG_WARN_CONSTANT_CONVERSION = YES;
				CLANG_WARN_DEPRECATED_OBJC_IMPLEMENTATIONS = YES;
				CLANG_WARN_DIRECT_OBJC_ISA_USAGE = YES_ERROR;
				CLANG_WARN_DOCUMENTATION_COMMENTS = YES;
				CLANG_WARN_EMPTY_BODY = YES;
				CLANG_WARN_ENUM_CONVERSION = YES;
				CLANG_WARN_INFINITE_RECURSION = YES;
				CLANG_WARN_INT_CONVERSION = YES;
				CLANG_WARN_NON_LITERAL_NULL_CONVERSION = YES;
				CLANG_WARN_OBJC_IMPLICIT_RETAIN_SELF = YES;
				CLANG_WARN_OBJC_LITERAL_CONVERSION = YES;
				CLANG_WARN_OBJC_ROOT_CLASS = YES_ERROR;
				CLANG_WARN_RANGE_LOOP_ANALYSIS = YES;
				CLANG_WARN_STRICT_PROTOTYPES = YES;
				CLANG_WARN_SUSPICIOUS_MOVE = YES;
				CLANG_WARN_UNGUARDED_AVAILABILITY = YES_AGGRESSIVE;
				CLANG_WARN_UNREACHABLE_CODE = YES;
				CLANG_WARN__DUPLICATE_METHOD_MATCH = YES;
				COPY_PHASE_STRIP = NO;
				DEBUG_INFORMATION_FORMAT = dwarf;
				ENABLE_STRICT_OBJC_MSGSEND = YES;
				ENABLE_TESTABILITY = YES;
				GCC_C_LANGUAGE_STANDARD = gnu11;
				GCC_DYNAMIC_NO_PIC = NO;
				GCC_NO_COMMON_BLOCKS = YES;
				GCC_OPTIMIZATION_LEVEL = 0;
				GCC_PREPROCESSOR_DEFINITIONS = (
					"DEBUG=1",
					"$(inherited)",
				);
				GCC_WARN_64_TO_32_BIT_CONVERSION = YES;
				GCC_WARN_ABOUT_RETURN_TYPE = YES_ERROR;
				GCC_WARN_UNDECLARED_SELECTOR = YES;
				GCC_WARN_UNINITIALIZED_AUTOS = YES_AGGRESSIVE;
				GCC_WARN_UNUSED_FUNCTION = YES;
				GCC_WARN_UNUSED_VARIABLE = YES;
				IPHONEOS_DEPLOYMENT_TARGET = 13.4;
				MTL_ENABLE_DEBUG_INFO = INCLUDE_SOURCE;
				MTL_FAST_MATH = YES;
				ONLY_ACTIVE_ARCH = YES;
				SDKROOT = iphoneos;
				SWIFT_ACTIVE_COMPILATION_CONDITIONS = DEBUG;
				SWIFT_OPTIMIZATION_LEVEL = "-Onone";
			};
			name = Debug;
		};
		52205C4F244C010E00C5261B /* Release */ = {
			isa = XCBuildConfiguration;
			buildSettings = {
				ALWAYS_SEARCH_USER_PATHS = NO;
				CLANG_ANALYZER_NONNULL = YES;
				CLANG_ANALYZER_NUMBER_OBJECT_CONVERSION = YES_AGGRESSIVE;
				CLANG_CXX_LANGUAGE_STANDARD = "gnu++14";
				CLANG_CXX_LIBRARY = "libc++";
				CLANG_ENABLE_MODULES = YES;
				CLANG_ENABLE_OBJC_ARC = YES;
				CLANG_ENABLE_OBJC_WEAK = YES;
				CLANG_WARN_BLOCK_CAPTURE_AUTORELEASING = YES;
				CLANG_WARN_BOOL_CONVERSION = YES;
				CLANG_WARN_COMMA = YES;
				CLANG_WARN_CONSTANT_CONVERSION = YES;
				CLANG_WARN_DEPRECATED_OBJC_IMPLEMENTATIONS = YES;
				CLANG_WARN_DIRECT_OBJC_ISA_USAGE = YES_ERROR;
				CLANG_WARN_DOCUMENTATION_COMMENTS = YES;
				CLANG_WARN_EMPTY_BODY = YES;
				CLANG_WARN_ENUM_CONVERSION = YES;
				CLANG_WARN_INFINITE_RECURSION = YES;
				CLANG_WARN_INT_CONVERSION = YES;
				CLANG_WARN_NON_LITERAL_NULL_CONVERSION = YES;
				CLANG_WARN_OBJC_IMPLICIT_RETAIN_SELF = YES;
				CLANG_WARN_OBJC_LITERAL_CONVERSION = YES;
				CLANG_WARN_OBJC_ROOT_CLASS = YES_ERROR;
				CLANG_WARN_RANGE_LOOP_ANALYSIS = YES;
				CLANG_WARN_STRICT_PROTOTYPES = YES;
				CLANG_WARN_SUSPICIOUS_MOVE = YES;
				CLANG_WARN_UNGUARDED_AVAILABILITY = YES_AGGRESSIVE;
				CLANG_WARN_UNREACHABLE_CODE = YES;
				CLANG_WARN__DUPLICATE_METHOD_MATCH = YES;
				COPY_PHASE_STRIP = NO;
				DEBUG_INFORMATION_FORMAT = "dwarf-with-dsym";
				ENABLE_NS_ASSERTIONS = NO;
				ENABLE_STRICT_OBJC_MSGSEND = YES;
				GCC_C_LANGUAGE_STANDARD = gnu11;
				GCC_NO_COMMON_BLOCKS = YES;
				GCC_WARN_64_TO_32_BIT_CONVERSION = YES;
				GCC_WARN_ABOUT_RETURN_TYPE = YES_ERROR;
				GCC_WARN_UNDECLARED_SELECTOR = YES;
				GCC_WARN_UNINITIALIZED_AUTOS = YES_AGGRESSIVE;
				GCC_WARN_UNUSED_FUNCTION = YES;
				GCC_WARN_UNUSED_VARIABLE = YES;
				IPHONEOS_DEPLOYMENT_TARGET = 13.4;
				MTL_ENABLE_DEBUG_INFO = NO;
				MTL_FAST_MATH = YES;
				SDKROOT = iphoneos;
				SWIFT_COMPILATION_MODE = wholemodule;
				SWIFT_OPTIMIZATION_LEVEL = "-O";
				VALIDATE_PRODUCT = YES;
			};
			name = Release;
		};
		52205C51244C010E00C5261B /* Debug */ = {
			isa = XCBuildConfiguration;
			buildSettings = {
				ASSETCATALOG_COMPILER_APPICON_NAME = AppIcon;
				CODE_SIGN_STYLE = Automatic;
				DEVELOPMENT_TEAM = CYJWF25337;
				INFOPLIST_FILE = 26th_iOS_Project/Info.plist;
				LD_RUNPATH_SEARCH_PATHS = (
					"$(inherited)",
					"@executable_path/Frameworks",
				);
				PRODUCT_BUNDLE_IDENTIFIER = "com.hyunji.-6th-iOS-Project";
				PRODUCT_NAME = "$(TARGET_NAME)";
				SWIFT_VERSION = 5.0;
				TARGETED_DEVICE_FAMILY = "1,2";
			};
			name = Debug;
		};
		52205C52244C010E00C5261B /* Release */ = {
			isa = XCBuildConfiguration;
			buildSettings = {
				ASSETCATALOG_COMPILER_APPICON_NAME = AppIcon;
				CODE_SIGN_STYLE = Automatic;
				DEVELOPMENT_TEAM = CYJWF25337;
				INFOPLIST_FILE = 26th_iOS_Project/Info.plist;
				LD_RUNPATH_SEARCH_PATHS = (
					"$(inherited)",
					"@executable_path/Frameworks",
				);
				PRODUCT_BUNDLE_IDENTIFIER = "com.hyunji.-6th-iOS-Project";
				PRODUCT_NAME = "$(TARGET_NAME)";
				SWIFT_VERSION = 5.0;
				TARGETED_DEVICE_FAMILY = "1,2";
			};
			name = Release;
		};
/* End XCBuildConfiguration section */

/* Begin XCConfigurationList section */
		52205C37244C010800C5261B /* Build configuration list for PBXProject "26th_iOS_Project" */ = {
			isa = XCConfigurationList;
			buildConfigurations = (
				52205C4E244C010E00C5261B /* Debug */,
				52205C4F244C010E00C5261B /* Release */,
			);
			defaultConfigurationIsVisible = 0;
			defaultConfigurationName = Release;
		};
		52205C50244C010E00C5261B /* Build configuration list for PBXNativeTarget "26th_iOS_Project" */ = {
			isa = XCConfigurationList;
			buildConfigurations = (
				52205C51244C010E00C5261B /* Debug */,
				52205C52244C010E00C5261B /* Release */,
			);
			defaultConfigurationIsVisible = 0;
			defaultConfigurationName = Release;
		};
/* End XCConfigurationList section */
	};
	rootObject = 52205C34244C010800C5261B /* Project object */;
}
